
Microsoft Visual Studio Solution File, Format Version 12.00
# Visual Studio 15
VisualStudioVersion = 15.0.28307.421
MinimumVisualStudioVersion = 10.0.40219.1
Project("{8BC9CEB8-8B4A-11D0-8D11-00A0C91BC942}") = "libspeexdsp", "thirdparty\speexdsp-1.2.1\libspeexdsp.vcxproj", "{A78DCBC4-077B-4884-A7F4-D9AF70EDB538}"
EndProject
Project("{2150E333-8FDC-42A3-9474-1A3956D46DE8}") = "0_thirdparty", "0_thirdparty", "{C45111E0-EB24-42FE-8B83-8293D3E7159A}"
EndProject
Project("{2150E333-8FDC-42A3-9474-1A3956D46DE8}") = "0_lib", "0_lib", "{7610D3C8-85CC-4113-B19F-B4546A440A7D}"
EndProject
Project("{2150E333-8FDC-42A3-9474-1A3956D46DE8}") = "1_dll", "1_dll", "{A7455E51-81F4-4CCB-BD79-D769971FDCC4}"
EndProject
Project("{8BC9CEB8-8B4A-11D0-8D11-00A0C91BC942}") = "speexdsp", "thirdparty\speexdsp-1.2.1\speexdsp.vcxproj", "{B7843B68-B93C-4415-8B71-71CC92350C8A}"
EndProject
Project("{2150E333-8FDC-42A3-9474-1A3956D46DE8}") = "1_demo", "1_demo", "{7C94F5CD-CEBE-4E8E-A5B9-A636D364218F}"
EndProject
Project("{2150E333-8FDC-42A3-9474-1A3956D46DE8}") = "test", "test", "{81FEC29D-D49E-4FC1-8A22-1F724EBFB97A}"
EndProject
Project("{8BC9CEB8-8B4A-11D0-8D11-00A0C91BC942}") = "testdenoise", "demo\test\testdenoise.vcxproj", "{3CFD8D3C-5D69-47BF-9E96-BCD6AC473C8C}"
EndProject
Project("{8BC9CEB8-8B4A-11D0-8D11-00A0C91BC942}") = "testecho", "demo\test\testecho.vcxproj", "{FC7852B8-0751-45A1-91B6-21342F37A59B}"
EndProject
Project("{8BC9CEB8-8B4A-11D0-8D11-00A0C91BC942}") = "testjitter", "demo\test\testjitter.vcxproj", "{DCB18A52-5983-4DBF-AB16-AEFFB3EBFF3D}"
EndProject
Project("{8BC9CEB8-8B4A-11D0-8D11-00A0C91BC942}") = "testresample", "demo\test\testresample.vcxproj", "{3ACB3575-8292-4673-8535-1795886BAD60}"
EndProject
Project("{8BC9CEB8-8B4A-11D0-8D11-00A0C91BC942}") = "testresample2", "demo\test\testresample2.vcxproj", "{48E98F78-C404-48CD-9343-F3231D6E2312}"
EndProject
Global
	GlobalSection(SolutionConfigurationPlatforms) = preSolution
		Debug|x64 = Debug|x64
		Release|x64 = Release|x64
	EndGlobalSection
	GlobalSection(ProjectConfigurationPlatforms) = postSolution
		{A78DCBC4-077B-4884-A7F4-D9AF70EDB538}.Debug|x64.ActiveCfg = Debug|x64
		{A78DCBC4-077B-4884-A7F4-D9AF70EDB538}.Debug|x64.Build.0 = Debug|x64
		{A78DCBC4-077B-4884-A7F4-D9AF70EDB538}.Release|x64.ActiveCfg = Release|x64
		{A78DCBC4-077B-4884-A7F4-D9AF70EDB538}.Release|x64.Build.0 = Release|x64
		{B7843B68-B93C-4415-8B71-71CC92350C8A}.Debug|x64.ActiveCfg = Debug|x64
		{B7843B68-B93C-4415-8B71-71CC92350C8A}.Debug|x64.Build.0 = Debug|x64
		{B7843B68-B93C-4415-8B71-71CC92350C8A}.Release|x64.ActiveCfg = Release|x64
		{B7843B68-B93C-4415-8B71-71CC92350C8A}.Release|x64.Build.0 = Release|x64
		{3CFD8D3C-5D69-47BF-9E96-BCD6AC473C8C}.Debug|x64.ActiveCfg = Debug|x64
		{3CFD8D3C-5D69-47BF-9E96-BCD6AC473C8C}.Debug|x64.Build.0 = Debug|x64
		{3CFD8D3C-5D69-47BF-9E96-BCD6AC473C8C}.Release|x64.ActiveCfg = Release|x64
		{3CFD8D3C-5D69-47BF-9E96-BCD6AC473C8C}.Release|x64.Build.0 = Release|x64
		{FC7852B8-0751-45A1-91B6-21342F37A59B}.Debug|x64.ActiveCfg = Debug|x64
		{FC7852B8-0751-45A1-91B6-21342F37A59B}.Debug|x64.Build.0 = Debug|x64
		{FC7852B8-0751-45A1-91B6-21342F37A59B}.Release|x64.ActiveCfg = Release|x64
		{FC7852B8-0751-45A1-91B6-21342F37A59B}.Release|x64.Build.0 = Release|x64
		{DCB18A52-5983-4DBF-AB16-AEFFB3EBFF3D}.Debug|x64.ActiveCfg = Debug|x64
		{DCB18A52-5983-4DBF-AB16-AEFFB3EBFF3D}.Debug|x64.Build.0 = Debug|x64
		{DCB18A52-5983-4DBF-AB16-AEFFB3EBFF3D}.Release|x64.ActiveCfg = Release|x64
		{DCB18A52-5983-4DBF-AB16-AEFFB3EBFF3D}.Release|x64.Build.0 = Release|x64
		{3ACB3575-8292-4673-8535-1795886BAD60}.Debug|x64.ActiveCfg = Debug|x64
		{3ACB3575-8292-4673-8535-1795886BAD60}.Debug|x64.Build.0 = Debug|x64
		{3ACB3575-8292-4673-8535-1795886BAD60}.Release|x64.ActiveCfg = Release|x64
		{3ACB3575-8292-4673-8535-1795886BAD60}.Release|x64.Build.0 = Release|x64
		{48E98F78-C404-48CD-9343-F3231D6E2312}.Debug|x64.ActiveCfg = Debug|x64
		{48E98F78-C404-48CD-9343-F3231D6E2312}.Debug|x64.Build.0 = Debug|x64
		{48E98F78-C404-48CD-9343-F3231D6E2312}.Release|x64.ActiveCfg = Release|x64
		{48E98F78-C404-48CD-9343-F3231D6E2312}.Release|x64.Build.0 = Release|x64
	EndGlobalSection
	GlobalSection(SolutionProperties) = preSolution
		HideSolutionNode = FALSE
	EndGlobalSection
	GlobalSection(NestedProjects) = preSolution
		{A78DCBC4-077B-4884-A7F4-D9AF70EDB538} = {7610D3C8-85CC-4113-B19F-B4546A440A7D}
		{7610D3C8-85CC-4113-B19F-B4546A440A7D} = {C45111E0-EB24-42FE-8B83-8293D3E7159A}
		{A7455E51-81F4-4CCB-BD79-D769971FDCC4} = {C45111E0-EB24-42FE-8B83-8293D3E7159A}
		{B7843B68-B93C-4415-8B71-71CC92350C8A} = {A7455E51-81F4-4CCB-BD79-D769971FDCC4}
		{81FEC29D-D49E-4FC1-8A22-1F724EBFB97A} = {7C94F5CD-CEBE-4E8E-A5B9-A636D364218F}
		{3CFD8D3C-5D69-47BF-9E96-BCD6AC473C8C} = {81FEC29D-D49E-4FC1-8A22-1F724EBFB97A}
		{FC7852B8-0751-45A1-91B6-21342F37A59B} = {81FEC29D-D49E-4FC1-8A22-1F724EBFB97A}
		{DCB18A52-5983-4DBF-AB16-AEFFB3EBFF3D} = {81FEC29D-D49E-4FC1-8A22-1F724EBFB97A}
		{3ACB3575-8292-4673-8535-1795886BAD60} = {81FEC29D-D49E-4FC1-8A22-1F724EBFB97A}
		{48E98F78-C404-48CD-9343-F3231D6E2312} = {81FEC29D-D49E-4FC1-8A22-1F724EBFB97A}
	EndGlobalSection
	GlobalSection(ExtensibilityGlobals) = postSolution
		SolutionGuid = {0A8CEE52-492A-4393-9DD8-1A14948800DE}
	EndGlobalSection
EndGlobal
