
Microsoft Visual Studio Solution File, Format Version 12.00
# Visual Studio 15
VisualStudioVersion = 15.0.28307.421
MinimumVisualStudioVersion = 10.0.40219.1
Project("{2150E333-8FDC-42A3-9474-1A3956D46DE8}") = "0_thirdparty", "0_thirdparty", "{EA013F77-EB30-405F-96BF-AD9686D3593E}"
EndProject
Project("{8BC9CEB8-8B4A-11D0-8D11-00A0C91BC942}") = "libspeex", "thirdparty\speex-1.2.1\libspeex.vcxproj", "{A78DCBC4-077B-4884-A7F4-D9AF70EDB538}"
EndProject
Project("{2150E333-8FDC-42A3-9474-1A3956D46DE8}") = "0_lib", "0_lib", "{B09E6D89-3925-42FB-83D2-7493AC7E86FA}"
EndProject
Project("{2150E333-8FDC-42A3-9474-1A3956D46DE8}") = "1_dll", "1_dll", "{5FBC54C2-C362-44B7-8535-CA3F6C77BA7F}"
EndProject
Project("{8BC9CEB8-8B4A-11D0-8D11-00A0C91BC942}") = "speex", "thirdparty\speex-1.2.1\speex.vcxproj", "{07FC0A1C-D5EF-4BEE-B0B0-ED0D24EA1D0B}"
EndProject
Project("{2150E333-8FDC-42A3-9474-1A3956D46DE8}") = "1_demo", "1_demo", "{A31C01C1-84B2-45FD-8272-C5EF64C917EE}"
EndProject
Project("{2150E333-8FDC-42A3-9474-1A3956D46DE8}") = "2_exe", "2_exe", "{5ADF6175-D3CC-4AB7-B019-FC6B0450DACF}"
EndProject
Project("{8BC9CEB8-8B4A-11D0-8D11-00A0C91BC942}") = "speexdec", "thirdparty\speex-1.2.1\tool\speexdec.vcxproj", "{3CFD8D3C-5D69-47BF-9E96-BCD6AC473C8C}"
	ProjectSection(ProjectDependencies) = postProject
		{C8BC3784-D513-3C6B-B3DE-C809F8E36324} = {C8BC3784-D513-3C6B-B3DE-C809F8E36324}
		{A78DCBC4-077B-4884-A7F4-D9AF70EDB538} = {A78DCBC4-077B-4884-A7F4-D9AF70EDB538}
	EndProjectSection
EndProject
Project("{8BC9CEB8-8B4A-11D0-8D11-00A0C91BC942}") = "speexenc", "thirdparty\speex-1.2.1\tool\speexenc.vcxproj", "{F0965919-FC1B-49C3-8740-EE464D0FDB93}"
	ProjectSection(ProjectDependencies) = postProject
		{C8BC3784-D513-3C6B-B3DE-C809F8E36324} = {C8BC3784-D513-3C6B-B3DE-C809F8E36324}
		{A78DCBC4-077B-4884-A7F4-D9AF70EDB538} = {A78DCBC4-077B-4884-A7F4-D9AF70EDB538}
	EndProjectSection
EndProject
Project("{2150E333-8FDC-42A3-9474-1A3956D46DE8}") = "test", "test", "{72DAB0B2-C567-496A-A264-75344E274F88}"
EndProject
Project("{8BC9CEB8-8B4A-11D0-8D11-00A0C91BC942}") = "testenc", "demo\test\testenc.vcxproj", "{367337CF-3AE6-472D-8C2F-8DD133564A50}"
EndProject
Project("{8BC9CEB8-8B4A-11D0-8D11-00A0C91BC942}") = "testenc_wb", "demo\test\testenc_wb.vcxproj", "{BC8B20A9-5DD7-4A7B-9B23-763111ACC862}"
EndProject
Project("{8BC9CEB8-8B4A-11D0-8D11-00A0C91BC942}") = "testenc_uwb", "demo\test\testenc_uwb.vcxproj", "{F1A20B24-90F1-40D7-B767-7DDC80E1675D}"
EndProject
Project("{8BC9CEB8-8B4A-11D0-8D11-00A0C91BC942}") = "libogg", "thirdparty\ogg-1.3.5\libogg.vcxproj", "{C8BC3784-D513-3C6B-B3DE-C809F8E36324}"
EndProject
Global
	GlobalSection(SolutionConfigurationPlatforms) = preSolution
		Debug|x64 = Debug|x64
		Release|x64 = Release|x64
	EndGlobalSection
	GlobalSection(ProjectConfigurationPlatforms) = postSolution
		{A78DCBC4-077B-4884-A7F4-D9AF70EDB538}.Debug|x64.ActiveCfg = Debug|x64
		{A78DCBC4-077B-4884-A7F4-D9AF70EDB538}.Debug|x64.Build.0 = Debug|x64
		{A78DCBC4-077B-4884-A7F4-D9AF70EDB538}.Release|x64.ActiveCfg = Release|x64
		{A78DCBC4-077B-4884-A7F4-D9AF70EDB538}.Release|x64.Build.0 = Release|x64
		{07FC0A1C-D5EF-4BEE-B0B0-ED0D24EA1D0B}.Debug|x64.ActiveCfg = Debug|x64
		{07FC0A1C-D5EF-4BEE-B0B0-ED0D24EA1D0B}.Debug|x64.Build.0 = Debug|x64
		{07FC0A1C-D5EF-4BEE-B0B0-ED0D24EA1D0B}.Release|x64.ActiveCfg = Release|x64
		{07FC0A1C-D5EF-4BEE-B0B0-ED0D24EA1D0B}.Release|x64.Build.0 = Release|x64
		{3CFD8D3C-5D69-47BF-9E96-BCD6AC473C8C}.Debug|x64.ActiveCfg = Debug|x64
		{3CFD8D3C-5D69-47BF-9E96-BCD6AC473C8C}.Debug|x64.Build.0 = Debug|x64
		{3CFD8D3C-5D69-47BF-9E96-BCD6AC473C8C}.Release|x64.ActiveCfg = Release|x64
		{3CFD8D3C-5D69-47BF-9E96-BCD6AC473C8C}.Release|x64.Build.0 = Release|x64
		{F0965919-FC1B-49C3-8740-EE464D0FDB93}.Debug|x64.ActiveCfg = Debug|x64
		{F0965919-FC1B-49C3-8740-EE464D0FDB93}.Debug|x64.Build.0 = Debug|x64
		{F0965919-FC1B-49C3-8740-EE464D0FDB93}.Release|x64.ActiveCfg = Release|x64
		{F0965919-FC1B-49C3-8740-EE464D0FDB93}.Release|x64.Build.0 = Release|x64
		{367337CF-3AE6-472D-8C2F-8DD133564A50}.Debug|x64.ActiveCfg = Debug|x64
		{367337CF-3AE6-472D-8C2F-8DD133564A50}.Debug|x64.Build.0 = Debug|x64
		{367337CF-3AE6-472D-8C2F-8DD133564A50}.Release|x64.ActiveCfg = Release|x64
		{367337CF-3AE6-472D-8C2F-8DD133564A50}.Release|x64.Build.0 = Release|x64
		{BC8B20A9-5DD7-4A7B-9B23-763111ACC862}.Debug|x64.ActiveCfg = Debug|x64
		{BC8B20A9-5DD7-4A7B-9B23-763111ACC862}.Debug|x64.Build.0 = Debug|x64
		{BC8B20A9-5DD7-4A7B-9B23-763111ACC862}.Release|x64.ActiveCfg = Release|x64
		{BC8B20A9-5DD7-4A7B-9B23-763111ACC862}.Release|x64.Build.0 = Release|x64
		{F1A20B24-90F1-40D7-B767-7DDC80E1675D}.Debug|x64.ActiveCfg = Debug|x64
		{F1A20B24-90F1-40D7-B767-7DDC80E1675D}.Debug|x64.Build.0 = Debug|x64
		{F1A20B24-90F1-40D7-B767-7DDC80E1675D}.Release|x64.ActiveCfg = Release|x64
		{F1A20B24-90F1-40D7-B767-7DDC80E1675D}.Release|x64.Build.0 = Release|x64
		{C8BC3784-D513-3C6B-B3DE-C809F8E36324}.Debug|x64.ActiveCfg = Debug|x64
		{C8BC3784-D513-3C6B-B3DE-C809F8E36324}.Debug|x64.Build.0 = Debug|x64
		{C8BC3784-D513-3C6B-B3DE-C809F8E36324}.Release|x64.ActiveCfg = Release|x64
		{C8BC3784-D513-3C6B-B3DE-C809F8E36324}.Release|x64.Build.0 = Release|x64
	EndGlobalSection
	GlobalSection(SolutionProperties) = preSolution
		HideSolutionNode = FALSE
	EndGlobalSection
	GlobalSection(NestedProjects) = preSolution
		{A78DCBC4-077B-4884-A7F4-D9AF70EDB538} = {B09E6D89-3925-42FB-83D2-7493AC7E86FA}
		{B09E6D89-3925-42FB-83D2-7493AC7E86FA} = {EA013F77-EB30-405F-96BF-AD9686D3593E}
		{5FBC54C2-C362-44B7-8535-CA3F6C77BA7F} = {EA013F77-EB30-405F-96BF-AD9686D3593E}
		{07FC0A1C-D5EF-4BEE-B0B0-ED0D24EA1D0B} = {5FBC54C2-C362-44B7-8535-CA3F6C77BA7F}
		{5ADF6175-D3CC-4AB7-B019-FC6B0450DACF} = {EA013F77-EB30-405F-96BF-AD9686D3593E}
		{3CFD8D3C-5D69-47BF-9E96-BCD6AC473C8C} = {5ADF6175-D3CC-4AB7-B019-FC6B0450DACF}
		{F0965919-FC1B-49C3-8740-EE464D0FDB93} = {5ADF6175-D3CC-4AB7-B019-FC6B0450DACF}
		{72DAB0B2-C567-496A-A264-75344E274F88} = {A31C01C1-84B2-45FD-8272-C5EF64C917EE}
		{367337CF-3AE6-472D-8C2F-8DD133564A50} = {72DAB0B2-C567-496A-A264-75344E274F88}
		{BC8B20A9-5DD7-4A7B-9B23-763111ACC862} = {72DAB0B2-C567-496A-A264-75344E274F88}
		{F1A20B24-90F1-40D7-B767-7DDC80E1675D} = {72DAB0B2-C567-496A-A264-75344E274F88}
		{C8BC3784-D513-3C6B-B3DE-C809F8E36324} = {B09E6D89-3925-42FB-83D2-7493AC7E86FA}
	EndGlobalSection
	GlobalSection(ExtensibilityGlobals) = postSolution
		SolutionGuid = {0A8CEE52-492A-4393-9DD8-1A14948800DE}
	EndGlobalSection
EndGlobal
